// !$*UTF8*$!
{
	archiveVersion = 1;
	classes = {
	};
	objectVersion = 50;
	objects = {

/* Begin PBXBuildFile section */
		432C75F8247A950C002CFB78 /* AppDelegate.swift in Sources */ = {isa = PBXBuildFile; fileRef = 432C75F7247A950C002CFB78 /* AppDelegate.swift */; };
		432C75FF247A950C002CFB78 /* Main.storyboard in Resources */ = {isa = PBXBuildFile; fileRef = 432C75FD247A950C002CFB78 /* Main.storyboard */; };
		432C7601247A950F002CFB78 /* Assets.xcassets in Resources */ = {isa = PBXBuildFile; fileRef = 432C7600247A950F002CFB78 /* Assets.xcassets */; };
		432C7604247A950F002CFB78 /* LaunchScreen.storyboard in Resources */ = {isa = PBXBuildFile; fileRef = 432C7602247A950F002CFB78 /* LaunchScreen.storyboard */; };
		432C760F247A950F002CFB78 /* SearchImageTests.swift in Sources */ = {isa = PBXBuildFile; fileRef = 432C760E247A950F002CFB78 /* SearchImageTests.swift */; };
		432C761B247A9D9B002CFB78 /* ImageOperation.swift in Sources */ = {isa = PBXBuildFile; fileRef = 432C761A247A9D9B002CFB78 /* ImageOperation.swift */; };
		432C761D247A9DCF002CFB78 /* NetworkManager.swift in Sources */ = {isa = PBXBuildFile; fileRef = 432C761C247A9DCF002CFB78 /* NetworkManager.swift */; };
		432C761F247A9DF4002CFB78 /* ImageDownloadManager.swift in Sources */ = {isa = PBXBuildFile; fileRef = 432C761E247A9DF4002CFB78 /* ImageDownloadManager.swift */; };
		432C7622247A9E75002CFB78 /* Constants.swift in Sources */ = {isa = PBXBuildFile; fileRef = 432C7621247A9E75002CFB78 /* Constants.swift */; };
		432C7624247A9EB1002CFB78 /* Enums.swift in Sources */ = {isa = PBXBuildFile; fileRef = 432C7623247A9EB1002CFB78 /* Enums.swift */; };
		432C7626247A9ECA002CFB78 /* Extensions.swift in Sources */ = {isa = PBXBuildFile; fileRef = 432C7625247A9ECA002CFB78 /* Extensions.swift */; };
		432C7628247A9EFD002CFB78 /* NavigationAnimator.swift in Sources */ = {isa = PBXBuildFile; fileRef = 432C7627247A9EFD002CFB78 /* NavigationAnimator.swift */; };
		432C762A247A9F29002CFB78 /* NavigationInteractor.swift in Sources */ = {isa = PBXBuildFile; fileRef = 432C7629247A9F29002CFB78 /* NavigationInteractor.swift */; };
		432C7639247AAA38002CFB78 /* ImagePreviewContract.swift in Sources */ = {isa = PBXBuildFile; fileRef = 432C7638247AAA38002CFB78 /* ImagePreviewContract.swift */; };
		432C763B247AAA58002CFB78 /* ImagePreviewPresentator.swift in Sources */ = {isa = PBXBuildFile; fileRef = 432C763A247AAA58002CFB78 /* ImagePreviewPresentator.swift */; };
		432C763D247AAA72002CFB78 /* ImagePreviewRouter.swift in Sources */ = {isa = PBXBuildFile; fileRef = 432C763C247AAA72002CFB78 /* ImagePreviewRouter.swift */; };
		432C763F247AAA89002CFB78 /* ImagePreviewViewController.swift in Sources */ = {isa = PBXBuildFile; fileRef = 432C763E247AAA89002CFB78 /* ImagePreviewViewController.swift */; };
		432C7641247AAAB0002CFB78 /* SearchImageContract.swift in Sources */ = {isa = PBXBuildFile; fileRef = 432C7640247AAAB0002CFB78 /* SearchImageContract.swift */; };
		432C7643247AAAD4002CFB78 /* ImageModel.swift in Sources */ = {isa = PBXBuildFile; fileRef = 432C7642247AAAD4002CFB78 /* ImageModel.swift */; };
		432C7645247AAB08002CFB78 /* SearchImageInteractor.swift in Sources */ = {isa = PBXBuildFile; fileRef = 432C7644247AAB08002CFB78 /* SearchImageInteractor.swift */; };
		432C7647247AAB50002CFB78 /* SearchImageRouter.swift in Sources */ = {isa = PBXBuildFile; fileRef = 432C7646247AAB50002CFB78 /* SearchImageRouter.swift */; };
		432C7649247AAB6E002CFB78 /* SearchImagePresentator.swift in Sources */ = {isa = PBXBuildFile; fileRef = 432C7648247AAB6E002CFB78 /* SearchImagePresentator.swift */; };
		432C764B247AAB92002CFB78 /* SearchImageViewController.swift in Sources */ = {isa = PBXBuildFile; fileRef = 432C764A247AAB92002CFB78 /* SearchImageViewController.swift */; };
		432C764D247AABAE002CFB78 /* ImageCollectionViewCell.swift in Sources */ = {isa = PBXBuildFile; fileRef = 432C764C247AABAE002CFB78 /* ImageCollectionViewCell.swift */; };
		432C764F247AABC8002CFB78 /* SuggestionTableViewCell.swift in Sources */ = {isa = PBXBuildFile; fileRef = 432C764E247AABC8002CFB78 /* SuggestionTableViewCell.swift */; };
		432C7651247AAD54002CFB78 /* Reachability.swift in Sources */ = {isa = PBXBuildFile; fileRef = 432C7650247AAD54002CFB78 /* Reachability.swift */; };
		432C7654247AC322002CFB78 /* NetworkMockManager.swift in Sources */ = {isa = PBXBuildFile; fileRef = 432C7653247AC322002CFB78 /* NetworkMockManager.swift */; };
		432C7656247AC340002CFB78 /* ImageDownloaderFileExtension.swift in Sources */ = {isa = PBXBuildFile; fileRef = 432C7655247AC340002CFB78 /* ImageDownloaderFileExtension.swift */; };
		432C765A247AC3B9002CFB78 /* fetchSearchListError.json in Resources */ = {isa = PBXBuildFile; fileRef = 432C7658247AC3B9002CFB78 /* fetchSearchListError.json */; };
		432C765B247AC3B9002CFB78 /* fetchSearchListSuccess.json in Resources */ = {isa = PBXBuildFile; fileRef = 432C7659247AC3B9002CFB78 /* fetchSearchListSuccess.json */; };
		432C765F247B0EBE002CFB78 /* ImagePreviewPageViewController.swift in Sources */ = {isa = PBXBuildFile; fileRef = 432C765E247B0EBE002CFB78 /* ImagePreviewPageViewController.swift */; };
/* End PBXBuildFile section */

/* Begin PBXContainerItemProxy section */
		432C760B247A950F002CFB78 /* PBXContainerItemProxy */ = {
			isa = PBXContainerItemProxy;
			containerPortal = 432C75EC247A950C002CFB78 /* Project object */;
			proxyType = 1;
			remoteGlobalIDString = 432C75F3247A950C002CFB78;
			remoteInfo = SearchImage;
		};
/* End PBXContainerItemProxy section */

/* Begin PBXFileReference section */
		432C75F4247A950C002CFB78 /* SearchImage.app */ = {isa = PBXFileReference; explicitFileType = wrapper.application; includeInIndex = 0; path = SearchImage.app; sourceTree = BUILT_PRODUCTS_DIR; };
		432C75F7247A950C002CFB78 /* AppDelegate.swift */ = {isa = PBXFileReference; lastKnownFileType = sourcecode.swift; path = AppDelegate.swift; sourceTree = "<group>"; };
		432C75FE247A950C002CFB78 /* Base */ = {isa = PBXFileReference; lastKnownFileType = file.storyboard; name = Base; path = Base.lproj/Main.storyboard; sourceTree = "<group>"; };
		432C7600247A950F002CFB78 /* Assets.xcassets */ = {isa = PBXFileReference; lastKnownFileType = folder.assetcatalog; path = Assets.xcassets; sourceTree = "<group>"; };
		432C7603247A950F002CFB78 /* Base */ = {isa = PBXFileReference; lastKnownFileType = file.storyboard; name = Base; path = Base.lproj/LaunchScreen.storyboard; sourceTree = "<group>"; };
		432C7605247A950F002CFB78 /* Info.plist */ = {isa = PBXFileReference; lastKnownFileType = text.plist.xml; path = Info.plist; sourceTree = "<group>"; };
		432C760A247A950F002CFB78 /* SearchImageTests.xctest */ = {isa = PBXFileReference; explicitFileType = wrapper.cfbundle; includeInIndex = 0; path = SearchImageTests.xctest; sourceTree = BUILT_PRODUCTS_DIR; };
		432C760E247A950F002CFB78 /* SearchImageTests.swift */ = {isa = PBXFileReference; lastKnownFileType = sourcecode.swift; path = SearchImageTests.swift; sourceTree = "<group>"; };
		432C7610247A950F002CFB78 /* Info.plist */ = {isa = PBXFileReference; lastKnownFileType = text.plist.xml; path = Info.plist; sourceTree = "<group>"; };
		432C761A247A9D9B002CFB78 /* ImageOperation.swift */ = {isa = PBXFileReference; lastKnownFileType = sourcecode.swift; path = ImageOperation.swift; sourceTree = "<group>"; };
		432C761C247A9DCF002CFB78 /* NetworkManager.swift */ = {isa = PBXFileReference; lastKnownFileType = sourcecode.swift; path = NetworkManager.swift; sourceTree = "<group>"; };
		432C761E247A9DF4002CFB78 /* ImageDownloadManager.swift */ = {isa = PBXFileReference; lastKnownFileType = sourcecode.swift; path = ImageDownloadManager.swift; sourceTree = "<group>"; };
		432C7621247A9E75002CFB78 /* Constants.swift */ = {isa = PBXFileReference; lastKnownFileType = sourcecode.swift; path = Constants.swift; sourceTree = "<group>"; };
		432C7623247A9EB1002CFB78 /* Enums.swift */ = {isa = PBXFileReference; lastKnownFileType = sourcecode.swift; path = Enums.swift; sourceTree = "<group>"; };
		432C7625247A9ECA002CFB78 /* Extensions.swift */ = {isa = PBXFileReference; lastKnownFileType = sourcecode.swift; path = Extensions.swift; sourceTree = "<group>"; };
		432C7627247A9EFD002CFB78 /* NavigationAnimator.swift */ = {isa = PBXFileReference; lastKnownFileType = sourcecode.swift; path = NavigationAnimator.swift; sourceTree = "<group>"; };
		432C7629247A9F29002CFB78 /* NavigationInteractor.swift */ = {isa = PBXFileReference; lastKnownFileType = sourcecode.swift; path = NavigationInteractor.swift; sourceTree = "<group>"; };
		432C7638247AAA38002CFB78 /* ImagePreviewContract.swift */ = {isa = PBXFileReference; lastKnownFileType = sourcecode.swift; path = ImagePreviewContract.swift; sourceTree = "<group>"; };
		432C763A247AAA58002CFB78 /* ImagePreviewPresentator.swift */ = {isa = PBXFileReference; lastKnownFileType = sourcecode.swift; path = ImagePreviewPresentator.swift; sourceTree = "<group>"; };
		432C763C247AAA72002CFB78 /* ImagePreviewRouter.swift */ = {isa = PBXFileReference; lastKnownFileType = sourcecode.swift; path = ImagePreviewRouter.swift; sourceTree = "<group>"; };
		432C763E247AAA89002CFB78 /* ImagePreviewViewController.swift */ = {isa = PBXFileReference; lastKnownFileType = sourcecode.swift; path = ImagePreviewViewController.swift; sourceTree = "<group>"; };
		432C7640247AAAB0002CFB78 /* SearchImageContract.swift */ = {isa = PBXFileReference; lastKnownFileType = sourcecode.swift; path = SearchImageContract.swift; sourceTree = "<group>"; };
		432C7642247AAAD4002CFB78 /* ImageModel.swift */ = {isa = PBXFileReference; lastKnownFileType = sourcecode.swift; path = ImageModel.swift; sourceTree = "<group>"; };
		432C7644247AAB08002CFB78 /* SearchImageInteractor.swift */ = {isa = PBXFileReference; lastKnownFileType = sourcecode.swift; path = SearchImageInteractor.swift; sourceTree = "<group>"; };
		432C7646247AAB50002CFB78 /* SearchImageRouter.swift */ = {isa = PBXFileReference; lastKnownFileType = sourcecode.swift; path = SearchImageRouter.swift; sourceTree = "<group>"; };
		432C7648247AAB6E002CFB78 /* SearchImagePresentator.swift */ = {isa = PBXFileReference; lastKnownFileType = sourcecode.swift; path = SearchImagePresentator.swift; sourceTree = "<group>"; };
		432C764A247AAB92002CFB78 /* SearchImageViewController.swift */ = {isa = PBXFileReference; lastKnownFileType = sourcecode.swift; path = SearchImageViewController.swift; sourceTree = "<group>"; };
		432C764C247AABAE002CFB78 /* ImageCollectionViewCell.swift */ = {isa = PBXFileReference; lastKnownFileType = sourcecode.swift; path = ImageCollectionViewCell.swift; sourceTree = "<group>"; };
		432C764E247AABC8002CFB78 /* SuggestionTableViewCell.swift */ = {isa = PBXFileReference; lastKnownFileType = sourcecode.swift; path = SuggestionTableViewCell.swift; sourceTree = "<group>"; };
		432C7650247AAD54002CFB78 /* Reachability.swift */ = {isa = PBXFileReference; lastKnownFileType = sourcecode.swift; path = Reachability.swift; sourceTree = "<group>"; };
		432C7653247AC322002CFB78 /* NetworkMockManager.swift */ = {isa = PBXFileReference; lastKnownFileType = sourcecode.swift; path = NetworkMockManager.swift; sourceTree = "<group>"; };
		432C7655247AC340002CFB78 /* ImageDownloaderFileExtension.swift */ = {isa = PBXFileReference; lastKnownFileType = sourcecode.swift; path = ImageDownloaderFileExtension.swift; sourceTree = "<group>"; };
		432C7658247AC3B9002CFB78 /* fetchSearchListError.json */ = {isa = PBXFileReference; fileEncoding = 4; lastKnownFileType = text.json; path = fetchSearchListError.json; sourceTree = "<group>"; };
		432C7659247AC3B9002CFB78 /* fetchSearchListSuccess.json */ = {isa = PBXFileReference; fileEncoding = 4; lastKnownFileType = text.json; path = fetchSearchListSuccess.json; sourceTree = "<group>"; };
		432C765E247B0EBE002CFB78 /* ImagePreviewPageViewController.swift */ = {isa = PBXFileReference; lastKnownFileType = sourcecode.swift; path = ImagePreviewPageViewController.swift; sourceTree = "<group>"; };
/* End PBXFileReference section */

/* Begin PBXFrameworksBuildPhase section */
		432C75F1247A950C002CFB78 /* Frameworks */ = {
			isa = PBXFrameworksBuildPhase;
			buildActionMask = 2147483647;
			files = (
			);
			runOnlyForDeploymentPostprocessing = 0;
		};
		432C7607247A950F002CFB78 /* Frameworks */ = {
			isa = PBXFrameworksBuildPhase;
			buildActionMask = 2147483647;
			files = (
			);
			runOnlyForDeploymentPostprocessing = 0;
		};
/* End PBXFrameworksBuildPhase section */

/* Begin PBXGroup section */
		432C75EB247A950C002CFB78 = {
			isa = PBXGroup;
			children = (
				432C75F6247A950C002CFB78 /* SearchImage */,
				432C760D247A950F002CFB78 /* SearchImageTests */,
				432C75F5247A950C002CFB78 /* Products */,
			);
			sourceTree = "<group>";
		};
		432C75F5247A950C002CFB78 /* Products */ = {
			isa = PBXGroup;
			children = (
				432C75F4247A950C002CFB78 /* SearchImage.app */,
				432C760A247A950F002CFB78 /* SearchImageTests.xctest */,
			);
			name = Products;
			sourceTree = "<group>";
		};
		432C75F6247A950C002CFB78 /* SearchImage */ = {
			isa = PBXGroup;
			children = (
				432C75F7247A950C002CFB78 /* AppDelegate.swift */,
				432C7619247A9D5C002CFB78 /* NetworkManager */,
				432C7620247A9E22002CFB78 /* Utilities */,
				432C762B247AA93C002CFB78 /* Module */,
				432C75FD247A950C002CFB78 /* Main.storyboard */,
				432C7600247A950F002CFB78 /* Assets.xcassets */,
				432C7602247A950F002CFB78 /* LaunchScreen.storyboard */,
				432C7605247A950F002CFB78 /* Info.plist */,
			);
			path = SearchImage;
			sourceTree = "<group>";
		};
		432C760D247A950F002CFB78 /* SearchImageTests */ = {
			isa = PBXGroup;
			children = (
				432C760E247A950F002CFB78 /* SearchImageTests.swift */,
				432C7652247AC301002CFB78 /* MockClasses */,
				432C7657247AC35C002CFB78 /* MockResponse */,
				432C7610247A950F002CFB78 /* Info.plist */,
			);
			path = SearchImageTests;
			sourceTree = "<group>";
		};
		432C7619247A9D5C002CFB78 /* NetworkManager */ = {
			isa = PBXGroup;
			children = (
				432C761A247A9D9B002CFB78 /* ImageOperation.swift */,
				432C761C247A9DCF002CFB78 /* NetworkManager.swift */,
				432C761E247A9DF4002CFB78 /* ImageDownloadManager.swift */,
			);
			path = NetworkManager;
			sourceTree = "<group>";
		};
		432C7620247A9E22002CFB78 /* Utilities */ = {
			isa = PBXGroup;
			children = (
				432C7650247AAD54002CFB78 /* Reachability.swift */,
				432C7621247A9E75002CFB78 /* Constants.swift */,
				432C7623247A9EB1002CFB78 /* Enums.swift */,
				432C7625247A9ECA002CFB78 /* Extensions.swift */,
				432C7627247A9EFD002CFB78 /* NavigationAnimator.swift */,
				432C7629247A9F29002CFB78 /* NavigationInteractor.swift */,
			);
			path = Utilities;
			sourceTree = "<group>";
		};
		432C762B247AA93C002CFB78 /* Module */ = {
			isa = PBXGroup;
			children = (
				432C762C247AA961002CFB78 /* ImagePreview */,
				432C762D247AA971002CFB78 /* SearchImage */,
			);
			path = Module;
			sourceTree = "<group>";
		};
		432C762C247AA961002CFB78 /* ImagePreview */ = {
			isa = PBXGroup;
			children = (
				432C762E247AA992002CFB78 /* Contract */,
				432C7630247AA9A4002CFB78 /* Presenter */,
				432C7631247AA9B0002CFB78 /* Router */,
				432C762F247AA999002CFB78 /* View */,
			);
			path = ImagePreview;
			sourceTree = "<group>";
		};
		432C762D247AA971002CFB78 /* SearchImage */ = {
			isa = PBXGroup;
			children = (
				432C7637247AAA10002CFB78 /* Contract */,
				432C7636247AA9FD002CFB78 /* Entity */,
				432C7635247AA9F2002CFB78 /* Interactor */,
				432C7634247AA9E9002CFB78 /* Router */,
				432C7633247AA9DF002CFB78 /* Presenter */,
				432C7632247AA9D7002CFB78 /* View */,
			);
			path = SearchImage;
			sourceTree = "<group>";
		};
		432C762E247AA992002CFB78 /* Contract */ = {
			isa = PBXGroup;
			children = (
				432C7638247AAA38002CFB78 /* ImagePreviewContract.swift */,
			);
			path = Contract;
			sourceTree = "<group>";
		};
		432C762F247AA999002CFB78 /* View */ = {
			isa = PBXGroup;
			children = (
				432C763E247AAA89002CFB78 /* ImagePreviewViewController.swift */,
				432C765E247B0EBE002CFB78 /* ImagePreviewPageViewController.swift */,
			);
			path = View;
			sourceTree = "<group>";
		};
		432C7630247AA9A4002CFB78 /* Presenter */ = {
			isa = PBXGroup;
			children = (
				432C763A247AAA58002CFB78 /* ImagePreviewPresentator.swift */,
			);
			path = Presenter;
			sourceTree = "<group>";
		};
		432C7631247AA9B0002CFB78 /* Router */ = {
			isa = PBXGroup;
			children = (
				432C763C247AAA72002CFB78 /* ImagePreviewRouter.swift */,
			);
			path = Router;
			sourceTree = "<group>";
		};
		432C7632247AA9D7002CFB78 /* View */ = {
			isa = PBXGroup;
			children = (
				432C764A247AAB92002CFB78 /* SearchImageViewController.swift */,
				432C764C247AABAE002CFB78 /* ImageCollectionViewCell.swift */,
				432C764E247AABC8002CFB78 /* SuggestionTableViewCell.swift */,
			);
			path = View;
			sourceTree = "<group>";
		};
		432C7633247AA9DF002CFB78 /* Presenter */ = {
			isa = PBXGroup;
			children = (
				432C7648247AAB6E002CFB78 /* SearchImagePresentator.swift */,
			);
			path = Presenter;
			sourceTree = "<group>";
		};
		432C7634247AA9E9002CFB78 /* Router */ = {
			isa = PBXGroup;
			children = (
				432C7646247AAB50002CFB78 /* SearchImageRouter.swift */,
			);
			path = Router;
			sourceTree = "<group>";
		};
		432C7635247AA9F2002CFB78 /* Interactor */ = {
			isa = PBXGroup;
			children = (
				432C7644247AAB08002CFB78 /* SearchImageInteractor.swift */,
			);
			path = Interactor;
			sourceTree = "<group>";
		};
		432C7636247AA9FD002CFB78 /* Entity */ = {
			isa = PBXGroup;
			children = (
				432C7642247AAAD4002CFB78 /* ImageModel.swift */,
			);
			path = Entity;
			sourceTree = "<group>";
		};
		432C7637247AAA10002CFB78 /* Contract */ = {
			isa = PBXGroup;
			children = (
				432C7640247AAAB0002CFB78 /* SearchImageContract.swift */,
			);
			path = Contract;
			sourceTree = "<group>";
		};
		432C7652247AC301002CFB78 /* MockClasses */ = {
			isa = PBXGroup;
			children = (
				432C7653247AC322002CFB78 /* NetworkMockManager.swift */,
				432C7655247AC340002CFB78 /* ImageDownloaderFileExtension.swift */,
			);
			path = MockClasses;
			sourceTree = "<group>";
		};
		432C7657247AC35C002CFB78 /* MockResponse */ = {
			isa = PBXGroup;
			children = (
				432C7658247AC3B9002CFB78 /* fetchSearchListError.json */,
				432C7659247AC3B9002CFB78 /* fetchSearchListSuccess.json */,
			);
			path = MockResponse;
			sourceTree = "<group>";
		};
/* End PBXGroup section */

/* Begin PBXNativeTarget section */
		432C75F3247A950C002CFB78 /* SearchImage */ = {
			isa = PBXNativeTarget;
			buildConfigurationList = 432C7613247A950F002CFB78 /* Build configuration list for PBXNativeTarget "SearchImage" */;
			buildPhases = (
				432C75F0247A950C002CFB78 /* Sources */,
				432C75F1247A950C002CFB78 /* Frameworks */,
				432C75F2247A950C002CFB78 /* Resources */,
			);
			buildRules = (
			);
			dependencies = (
			);
			name = SearchImage;
			productName = SearchImage;
			productReference = 432C75F4247A950C002CFB78 /* SearchImage.app */;
			productType = "com.apple.product-type.application";
		};
		432C7609247A950F002CFB78 /* SearchImageTests */ = {
			isa = PBXNativeTarget;
			buildConfigurationList = 432C7616247A950F002CFB78 /* Build configuration list for PBXNativeTarget "SearchImageTests" */;
			buildPhases = (
				432C7606247A950F002CFB78 /* Sources */,
				432C7607247A950F002CFB78 /* Frameworks */,
				432C7608247A950F002CFB78 /* Resources */,
			);
			buildRules = (
			);
			dependencies = (
				432C760C247A950F002CFB78 /* PBXTargetDependency */,
			);
			name = SearchImageTests;
			productName = SearchImageTests;
			productReference = 432C760A247A950F002CFB78 /* SearchImageTests.xctest */;
			productType = "com.apple.product-type.bundle.unit-test";
		};
/* End PBXNativeTarget section */

/* Begin PBXProject section */
		432C75EC247A950C002CFB78 /* Project object */ = {
			isa = PBXProject;
			attributes = {
				LastSwiftUpdateCheck = 1130;
				LastUpgradeCheck = 1130;
				ORGANIZATIONNAME = "CHARCHIT KUMAR";
				TargetAttributes = {
					432C75F3247A950C002CFB78 = {
						CreatedOnToolsVersion = 11.3;
					};
					432C7609247A950F002CFB78 = {
						CreatedOnToolsVersion = 11.3;
						TestTargetID = 432C75F3247A950C002CFB78;
					};
				};
			};
			buildConfigurationList = 432C75EF247A950C002CFB78 /* Build configuration list for PBXProject "SearchImage" */;
			compatibilityVersion = "Xcode 9.3";
			developmentRegion = en;
			hasScannedForEncodings = 0;
			knownRegions = (
				en,
				Base,
			);
			mainGroup = 432C75EB247A950C002CFB78;
			productRefGroup = 432C75F5247A950C002CFB78 /* Products */;
			projectDirPath = "";
			projectRoot = "";
			targets = (
				432C75F3247A950C002CFB78 /* SearchImage */,
				432C7609247A950F002CFB78 /* SearchImageTests */,
			);
		};
/* End PBXProject section */

/* Begin PBXResourcesBuildPhase section */
		432C75F2247A950C002CFB78 /* Resources */ = {
			isa = PBXResourcesBuildPhase;
			buildActionMask = 2147483647;
			files = (
				432C7604247A950F002CFB78 /* LaunchScreen.storyboard in Resources */,
				432C7601247A950F002CFB78 /* Assets.xcassets in Resources */,
				432C75FF247A950C002CFB78 /* Main.storyboard in Resources */,
			);
			runOnlyForDeploymentPostprocessing = 0;
		};
		432C7608247A950F002CFB78 /* Resources */ = {
			isa = PBXResourcesBuildPhase;
			buildActionMask = 2147483647;
			files = (
				432C765B247AC3B9002CFB78 /* fetchSearchListSuccess.json in Resources */,
				432C765A247AC3B9002CFB78 /* fetchSearchListError.json in Resources */,
			);
			runOnlyForDeploymentPostprocessing = 0;
		};
/* End PBXResourcesBuildPhase section */

/* Begin PBXSourcesBuildPhase section */
		432C75F0247A950C002CFB78 /* Sources */ = {
			isa = PBXSourcesBuildPhase;
			buildActionMask = 2147483647;
			files = (
				432C764B247AAB92002CFB78 /* SearchImageViewController.swift in Sources */,
				432C7626247A9ECA002CFB78 /* Extensions.swift in Sources */,
				432C75F8247A950C002CFB78 /* AppDelegate.swift in Sources */,
				432C7647247AAB50002CFB78 /* SearchImageRouter.swift in Sources */,
				432C763D247AAA72002CFB78 /* ImagePreviewRouter.swift in Sources */,
				432C7645247AAB08002CFB78 /* SearchImageInteractor.swift in Sources */,
				432C763F247AAA89002CFB78 /* ImagePreviewViewController.swift in Sources */,
				432C7649247AAB6E002CFB78 /* SearchImagePresentator.swift in Sources */,
				432C761D247A9DCF002CFB78 /* NetworkManager.swift in Sources */,
				432C764F247AABC8002CFB78 /* SuggestionTableViewCell.swift in Sources */,
				432C761F247A9DF4002CFB78 /* ImageDownloadManager.swift in Sources */,
				432C762A247A9F29002CFB78 /* NavigationInteractor.swift in Sources */,
				432C764D247AABAE002CFB78 /* ImageCollectionViewCell.swift in Sources */,
				432C7622247A9E75002CFB78 /* Constants.swift in Sources */,
				432C7651247AAD54002CFB78 /* Reachability.swift in Sources */,
				432C7628247A9EFD002CFB78 /* NavigationAnimator.swift in Sources */,
				432C7643247AAAD4002CFB78 /* ImageModel.swift in Sources */,
				432C7639247AAA38002CFB78 /* ImagePreviewContract.swift in Sources */,
				432C7641247AAAB0002CFB78 /* SearchImageContract.swift in Sources */,
				432C7624247A9EB1002CFB78 /* Enums.swift in Sources */,
				432C763B247AAA58002CFB78 /* ImagePreviewPresentator.swift in Sources */,
				432C761B247A9D9B002CFB78 /* ImageOperation.swift in Sources */,
				432C765F247B0EBE002CFB78 /* ImagePreviewPageViewController.swift in Sources */,
			);
			runOnlyForDeploymentPostprocessing = 0;
		};
		432C7606247A950F002CFB78 /* Sources */ = {
			isa = PBXSourcesBuildPhase;
			buildActionMask = 2147483647;
			files = (
				432C7654247AC322002CFB78 /* NetworkMockManager.swift in Sources */,
				432C760F247A950F002CFB78 /* SearchImageTests.swift in Sources */,
				432C7656247AC340002CFB78 /* ImageDownloaderFileExtension.swift in Sources */,
			);
			runOnlyForDeploymentPostprocessing = 0;
		};
/* End PBXSourcesBuildPhase section */

/* Begin PBXTargetDependency section */
		432C760C247A950F002CFB78 /* PBXTargetDependency */ = {
			isa = PBXTargetDependency;
			target = 432C75F3247A950C002CFB78 /* SearchImage */;
			targetProxy = 432C760B247A950F002CFB78 /* PBXContainerItemProxy */;
		};
/* End PBXTargetDependency section */

/* Begin PBXVariantGroup section */
		432C75FD247A950C002CFB78 /* Main.storyboard */ = {
			isa = PBXVariantGroup;
			children = (
				432C75FE247A950C002CFB78 /* Base */,
			);
			name = Main.storyboard;
			sourceTree = "<group>";
		};
		432C7602247A950F002CFB78 /* LaunchScreen.storyboard */ = {
			isa = PBXVariantGroup;
			children = (
				432C7603247A950F002CFB78 /* Base */,
			);
			name = LaunchScreen.storyboard;
			sourceTree = "<group>";
		};
/* End PBXVariantGroup section */

/* Begin XCBuildConfiguration section */
		432C7611247A950F002CFB78 /* Debug */ = {
			isa = XCBuildConfiguration;
			buildSettings = {
				ALWAYS_SEARCH_USER_PATHS = NO;
				CLANG_ANALYZER_NONNULL = YES;
				CLANG_ANALYZER_NUMBER_OBJECT_CONVERSION = YES_AGGRESSIVE;
				CLANG_CXX_LANGUAGE_STANDARD = "gnu++14";
				CLANG_CXX_LIBRARY = "libc++";
				CLANG_ENABLE_MODULES = YES;
				CLANG_ENABLE_OBJC_ARC = YES;
				CLANG_ENABLE_OBJC_WEAK = YES;
				CLANG_WARN_BLOCK_CAPTURE_AUTORELEASING = YES;
				CLANG_WARN_BOOL_CONVERSION = YES;
				CLANG_WARN_COMMA = YES;
				CLANG_WARN_CONSTANT_CONVERSION = YES;
				CLANG_WARN_DEPRECATED_OBJC_IMPLEMENTATIONS = YES;
				CLANG_WARN_DIRECT_OBJC_ISA_USAGE = YES_ERROR;
				CLANG_WARN_DOCUMENTATION_COMMENTS = YES;
				CLANG_WARN_EMPTY_BODY = YES;
				CLANG_WARN_ENUM_CONVERSION = YES;
				CLANG_WARN_INFINITE_RECURSION = YES;
				CLANG_WARN_INT_CONVERSION = YES;
				CLANG_WARN_NON_LITERAL_NULL_CONVERSION = YES;
				CLANG_WARN_OBJC_IMPLICIT_RETAIN_SELF = YES;
				CLANG_WARN_OBJC_LITERAL_CONVERSION = YES;
				CLANG_WARN_OBJC_ROOT_CLASS = YES_ERROR;
				CLANG_WARN_RANGE_LOOP_ANALYSIS = YES;
				CLANG_WARN_STRICT_PROTOTYPES = YES;
				CLANG_WARN_SUSPICIOUS_MOVE = YES;
				CLANG_WARN_UNGUARDED_AVAILABILITY = YES_AGGRESSIVE;
				CLANG_WARN_UNREACHABLE_CODE = YES;
				CLANG_WARN__DUPLICATE_METHOD_MATCH = YES;
				COPY_PHASE_STRIP = NO;
				DEBUG_INFORMATION_FORMAT = dwarf;
				ENABLE_STRICT_OBJC_MSGSEND = YES;
				ENABLE_TESTABILITY = YES;
				GCC_C_LANGUAGE_STANDARD = gnu11;
				GCC_DYNAMIC_NO_PIC = NO;
				GCC_NO_COMMON_BLOCKS = YES;
				GCC_OPTIMIZATION_LEVEL = 0;
				GCC_PREPROCESSOR_DEFINITIONS = (
					"DEBUG=1",
					"$(inherited)",
				);
				GCC_WARN_64_TO_32_BIT_CONVERSION = YES;
				GCC_WARN_ABOUT_RETURN_TYPE = YES_ERROR;
				GCC_WARN_UNDECLARED_SELECTOR = YES;
				GCC_WARN_UNINITIALIZED_AUTOS = YES_AGGRESSIVE;
				GCC_WARN_UNUSED_FUNCTION = YES;
				GCC_WARN_UNUSED_VARIABLE = YES;
				IPHONEOS_DEPLOYMENT_TARGET = 11.4;
				MTL_ENABLE_DEBUG_INFO = INCLUDE_SOURCE;
				MTL_FAST_MATH = YES;
				ONLY_ACTIVE_ARCH = YES;
				SDKROOT = iphoneos;
				SWIFT_ACTIVE_COMPILATION_CONDITIONS = DEBUG;
				SWIFT_OPTIMIZATION_LEVEL = "-Onone";
			};
			name = Debug;
		};
		432C7612247A950F002CFB78 /* Release */ = {
			isa = XCBuildConfiguration;
			buildSettings = {
				ALWAYS_SEARCH_USER_PATHS = NO;
				CLANG_ANALYZER_NONNULL = YES;
				CLANG_ANALYZER_NUMBER_OBJECT_CONVERSION = YES_AGGRESSIVE;
				CLANG_CXX_LANGUAGE_STANDARD = "gnu++14";
				CLANG_CXX_LIBRARY = "libc++";
				CLANG_ENABLE_MODULES = YES;
				CLANG_ENABLE_OBJC_ARC = YES;
				CLANG_ENABLE_OBJC_WEAK = YES;
				CLANG_WARN_BLOCK_CAPTURE_AUTORELEASING = YES;
				CLANG_WARN_BOOL_CONVERSION = YES;
				CLANG_WARN_COMMA = YES;
				CLANG_WARN_CONSTANT_CONVERSION = YES;
				CLANG_WARN_DEPRECATED_OBJC_IMPLEMENTATIONS = YES;
				CLANG_WARN_DIRECT_OBJC_ISA_USAGE = YES_ERROR;
				CLANG_WARN_DOCUMENTATION_COMMENTS = YES;
				CLANG_WARN_EMPTY_BODY = YES;
				CLANG_WARN_ENUM_CONVERSION = YES;
				CLANG_WARN_INFINITE_RECURSION = YES;
				CLANG_WARN_INT_CONVERSION = YES;
				CLANG_WARN_NON_LITERAL_NULL_CONVERSION = YES;
				CLANG_WARN_OBJC_IMPLICIT_RETAIN_SELF = YES;
				CLANG_WARN_OBJC_LITERAL_CONVERSION = YES;
				CLANG_WARN_OBJC_ROOT_CLASS = YES_ERROR;
				CLANG_WARN_RANGE_LOOP_ANALYSIS = YES;
				CLANG_WARN_STRICT_PROTOTYPES = YES;
				CLANG_WARN_SUSPICIOUS_MOVE = YES;
				CLANG_WARN_UNGUARDED_AVAILABILITY = YES_AGGRESSIVE;
				CLANG_WARN_UNREACHABLE_CODE = YES;
				CLANG_WARN__DUPLICATE_METHOD_MATCH = YES;
				COPY_PHASE_STRIP = NO;
				DEBUG_INFORMATION_FORMAT = "dwarf-with-dsym";
				ENABLE_NS_ASSERTIONS = NO;
				ENABLE_STRICT_OBJC_MSGSEND = YES;
				GCC_C_LANGUAGE_STANDARD = gnu11;
				GCC_NO_COMMON_BLOCKS = YES;
				GCC_WARN_64_TO_32_BIT_CONVERSION = YES;
				GCC_WARN_ABOUT_RETURN_TYPE = YES_ERROR;
				GCC_WARN_UNDECLARED_SELECTOR = YES;
				GCC_WARN_UNINITIALIZED_AUTOS = YES_AGGRESSIVE;
				GCC_WARN_UNUSED_FUNCTION = YES;
				GCC_WARN_UNUSED_VARIABLE = YES;
				IPHONEOS_DEPLOYMENT_TARGET = 11.4;
				MTL_ENABLE_DEBUG_INFO = NO;
				MTL_FAST_MATH = YES;
				SDKROOT = iphoneos;
				SWIFT_COMPILATION_MODE = wholemodule;
				SWIFT_OPTIMIZATION_LEVEL = "-O";
				VALIDATE_PRODUCT = YES;
			};
			name = Release;
		};
		432C7614247A950F002CFB78 /* Debug */ = {
			isa = XCBuildConfiguration;
			buildSettings = {
				ASSETCATALOG_COMPILER_APPICON_NAME = AppIcon;
				CODE_SIGN_STYLE = Automatic;
				DEVELOPMENT_TEAM = W6BY9HX32J;
				INFOPLIST_FILE = SearchImage/Info.plist;
				IPHONEOS_DEPLOYMENT_TARGET = 11.0;
				LD_RUNPATH_SEARCH_PATHS = (
					"$(inherited)",
					"@executable_path/Frameworks",
				);
				PRODUCT_BUNDLE_IDENTIFIER = com.ck.SearchImage;
				PRODUCT_NAME = "$(TARGET_NAME)";
				SWIFT_VERSION = 5.0;
				TARGETED_DEVICE_FAMILY = "1,2";
			};
			name = Debug;
		};
		432C7615247A950F002CFB78 /* Release */ = {
			isa = XCBuildConfiguration;
			buildSettings = {
				ASSETCATALOG_COMPILER_APPICON_NAME = AppIcon;
				CODE_SIGN_STYLE = Automatic;
				DEVELOPMENT_TEAM = W6BY9HX32J;
				INFOPLIST_FILE = SearchImage/Info.plist;
				IPHONEOS_DEPLOYMENT_TARGET = 11.0;
				LD_RUNPATH_SEARCH_PATHS = (
					"$(inherited)",
					"@executable_path/Frameworks",
				);
				PRODUCT_BUNDLE_IDENTIFIER = com.ck.SearchImage;
				PRODUCT_NAME = "$(TARGET_NAME)";
				SWIFT_VERSION = 5.0;
				TARGETED_DEVICE_FAMILY = "1,2";
			};
			name = Release;
		};
		432C7617247A950F002CFB78 /* Debug */ = {
			isa = XCBuildConfiguration;
			buildSettings = {
				ALWAYS_EMBED_SWIFT_STANDARD_LIBRARIES = YES;
				BUNDLE_LOADER = "$(TEST_HOST)";
				CODE_SIGN_STYLE = Automatic;
				DEVELOPMENT_TEAM = W6BY9HX32J;
				INFOPLIST_FILE = SearchImageTests/Info.plist;
				IPHONEOS_DEPLOYMENT_TARGET = 13.2;
				LD_RUNPATH_SEARCH_PATHS = (
					"$(inherited)",
					"@executable_path/Frameworks",
					"@loader_path/Frameworks",
				);
				PRODUCT_BUNDLE_IDENTIFIER = com.ck.SearchImageTests;
				PRODUCT_NAME = "$(TARGET_NAME)";
				SWIFT_VERSION = 5.0;
				TARGETED_DEVICE_FAMILY = "1,2";
				TEST_HOST = "$(BUILT_PRODUCTS_DIR)/SearchImage.app/SearchImage";
			};
			name = Debug;
		};
		432C7618247A950F002CFB78 /* Release */ = {
			isa = XCBuildConfiguration;
			buildSettings = {
				ALWAYS_EMBED_SWIFT_STANDARD_LIBRARIES = YES;
				BUNDLE_LOADER = "$(TEST_HOST)";
				CODE_SIGN_STYLE = Automatic;
				DEVELOPMENT_TEAM = W6BY9HX32J;
				INFOPLIST_FILE = SearchImageTests/Info.plist;
				IPHONEOS_DEPLOYMENT_TARGET = 13.2;
				LD_RUNPATH_SEARCH_PATHS = (
					"$(inherited)",
					"@executable_path/Frameworks",
					"@loader_path/Frameworks",
				);
				PRODUCT_BUNDLE_IDENTIFIER = com.ck.SearchImageTests;
				PRODUCT_NAME = "$(TARGET_NAME)";
				SWIFT_VERSION = 5.0;
				TARGETED_DEVICE_FAMILY = "1,2";
				TEST_HOST = "$(BUILT_PRODUCTS_DIR)/SearchImage.app/SearchImage";
			};
			name = Release;
		};
/* End XCBuildConfiguration section */

/* Begin XCConfigurationList section */
		432C75EF247A950C002CFB78 /* Build configuration list for PBXProject "SearchImage" */ = {
			isa = XCConfigurationList;
			buildConfigurations = (
				432C7611247A950F002CFB78 /* Debug */,
				432C7612247A950F002CFB78 /* Release */,
			);
			defaultConfigurationIsVisible = 0;
			defaultConfigurationName = Release;
		};
		432C7613247A950F002CFB78 /* Build configuration list for PBXNativeTarget "SearchImage" */ = {
			isa = XCConfigurationList;
			buildConfigurations = (
				432C7614247A950F002CFB78 /* Debug */,
				432C7615247A950F002CFB78 /* Release */,
			);
			defaultConfigurationIsVisible = 0;
			defaultConfigurationName = Release;
		};
		432C7616247A950F002CFB78 /* Build configuration list for PBXNativeTarget "SearchImageTests" */ = {
			isa = XCConfigurationList;
			buildConfigurations = (
				432C7617247A950F002CFB78 /* Debug */,
				432C7618247A950F002CFB78 /* Release */,
			);
			defaultConfigurationIsVisible = 0;
			defaultConfigurationName = Release;
		};
/* End XCConfigurationList section */
	};
	rootObject = 432C75EC247A950C002CFB78 /* Project object */;
}
